
Microsoft Visual Studio Solution File, Format Version 12.00
# Visual Studio 2013
VisualStudioVersion = 12.0.21005.1
MinimumVisualStudioVersion = 10.0.40219.1
Project("{FAE04EC0-301F-11D3-BF4B-00C04F79EFBC}") = "TestForm", "TestForm\TestForm.csproj", "{DE470DD7-D16B-4A2D-B1C9-A5ED94070D62}"
EndProject
Project("{FAE04EC0-301F-11D3-BF4B-00C04F79EFBC}") = "Ivis.Windows", "Ivis.Windows\Ivis.Windows.csproj", "{349D4DF4-BB48-4FBA-A0D2-214420459543}"
EndProject
Project("{8BC9CEB8-8B4A-11D0-8D11-00A0C91BC942}") = "Ivis.Windows.Forms", "Ivis.Windows.Forms\Ivis.Windows.Forms.vcxproj", "{8AF16AA6-131B-4FEB-B582-C5899201C655}"
EndProject
Project("{8BC9CEB8-8B4A-11D0-8D11-00A0C91BC942}") = "TestCustomBorder", "TestCustomBorder\TestCustomBorder.vcxproj", "{D3CB06D3-7761-4F5B-877C-9B397B559760}"
EndProject
Global
	GlobalSection(SolutionConfigurationPlatforms) = preSolution
		Debug|Any CPU = Debug|Any CPU
		Debug|Mixed Platforms = Debug|Mixed Platforms
		Debug|Win32 = Debug|Win32
		Release|Any CPU = Release|Any CPU
		Release|Mixed Platforms = Release|Mixed Platforms
		Release|Win32 = Release|Win32
	EndGlobalSection
	GlobalSection(ProjectConfigurationPlatforms) = postSolution
		{DE470DD7-D16B-4A2D-B1C9-A5ED94070D62}.Debug|Any CPU.ActiveCfg = Debug|Any CPU
		{DE470DD7-D16B-4A2D-B1C9-A5ED94070D62}.Debug|Any CPU.Build.0 = Debug|Any CPU
		{DE470DD7-D16B-4A2D-B1C9-A5ED94070D62}.Debug|Mixed Platforms.ActiveCfg = Debug|Any CPU
		{DE470DD7-D16B-4A2D-B1C9-A5ED94070D62}.Debug|Mixed Platforms.Build.0 = Debug|Any CPU
		{DE470DD7-D16B-4A2D-B1C9-A5ED94070D62}.Debug|Win32.ActiveCfg = Debug|Any CPU
		{DE470DD7-D16B-4A2D-B1C9-A5ED94070D62}.Release|Any CPU.ActiveCfg = Release|Any CPU
		{DE470DD7-D16B-4A2D-B1C9-A5ED94070D62}.Release|Any CPU.Build.0 = Release|Any CPU
		{DE470DD7-D16B-4A2D-B1C9-A5ED94070D62}.Release|Mixed Platforms.ActiveCfg = Release|Any CPU
		{DE470DD7-D16B-4A2D-B1C9-A5ED94070D62}.Release|Mixed Platforms.Build.0 = Release|Any CPU
		{DE470DD7-D16B-4A2D-B1C9-A5ED94070D62}.Release|Win32.ActiveCfg = Release|Any CPU
		{349D4DF4-BB48-4FBA-A0D2-214420459543}.Debug|Any CPU.ActiveCfg = Debug|Any CPU
		{349D4DF4-BB48-4FBA-A0D2-214420459543}.Debug|Any CPU.Build.0 = Debug|Any CPU
		{349D4DF4-BB48-4FBA-A0D2-214420459543}.Debug|Mixed Platforms.ActiveCfg = Debug|Any CPU
		{349D4DF4-BB48-4FBA-A0D2-214420459543}.Debug|Mixed Platforms.Build.0 = Debug|Any CPU
		{349D4DF4-BB48-4FBA-A0D2-214420459543}.Debug|Win32.ActiveCfg = Debug|Any CPU
		{349D4DF4-BB48-4FBA-A0D2-214420459543}.Release|Any CPU.ActiveCfg = Release|Any CPU
		{349D4DF4-BB48-4FBA-A0D2-214420459543}.Release|Any CPU.Build.0 = Release|Any CPU
		{349D4DF4-BB48-4FBA-A0D2-214420459543}.Release|Mixed Platforms.ActiveCfg = Release|Any CPU
		{349D4DF4-BB48-4FBA-A0D2-214420459543}.Release|Mixed Platforms.Build.0 = Release|Any CPU
		{349D4DF4-BB48-4FBA-A0D2-214420459543}.Release|Win32.ActiveCfg = Release|Any CPU
		{8AF16AA6-131B-4FEB-B582-C5899201C655}.Debug|Any CPU.ActiveCfg = Debug|Win32
		{8AF16AA6-131B-4FEB-B582-C5899201C655}.Debug|Mixed Platforms.ActiveCfg = Debug|Win32
		{8AF16AA6-131B-4FEB-B582-C5899201C655}.Debug|Mixed Platforms.Build.0 = Debug|Win32
		{8AF16AA6-131B-4FEB-B582-C5899201C655}.Debug|Win32.ActiveCfg = Debug|Win32
		{8AF16AA6-131B-4FEB-B582-C5899201C655}.Debug|Win32.Build.0 = Debug|Win32
		{8AF16AA6-131B-4FEB-B582-C5899201C655}.Release|Any CPU.ActiveCfg = Release|Win32
		{8AF16AA6-131B-4FEB-B582-C5899201C655}.Release|Mixed Platforms.ActiveCfg = Release|Win32
		{8AF16AA6-131B-4FEB-B582-C5899201C655}.Release|Mixed Platforms.Build.0 = Release|Win32
		{8AF16AA6-131B-4FEB-B582-C5899201C655}.Release|Win32.ActiveCfg = Release|Win32
		{8AF16AA6-131B-4FEB-B582-C5899201C655}.Release|Win32.Build.0 = Release|Win32
		{D3CB06D3-7761-4F5B-877C-9B397B559760}.Debug|Any CPU.ActiveCfg = Debug|Win32
		{D3CB06D3-7761-4F5B-877C-9B397B559760}.Debug|Mixed Platforms.ActiveCfg = Debug|Win32
		{D3CB06D3-7761-4F5B-877C-9B397B559760}.Debug|Mixed Platforms.Build.0 = Debug|Win32
		{D3CB06D3-7761-4F5B-877C-9B397B559760}.Debug|Win32.ActiveCfg = Debug|Win32
		{D3CB06D3-7761-4F5B-877C-9B397B559760}.Debug|Win32.Build.0 = Debug|Win32
		{D3CB06D3-7761-4F5B-877C-9B397B559760}.Release|Any CPU.ActiveCfg = Release|Win32
		{D3CB06D3-7761-4F5B-877C-9B397B559760}.Release|Mixed Platforms.ActiveCfg = Release|Win32
		{D3CB06D3-7761-4F5B-877C-9B397B559760}.Release|Mixed Platforms.Build.0 = Release|Win32
		{D3CB06D3-7761-4F5B-877C-9B397B559760}.Release|Win32.ActiveCfg = Release|Win32
		{D3CB06D3-7761-4F5B-877C-9B397B559760}.Release|Win32.Build.0 = Release|Win32
	EndGlobalSection
	GlobalSection(SolutionProperties) = preSolution
		HideSolutionNode = FALSE
	EndGlobalSection
EndGlobal
